
Microsoft Visual Studio Solution File, Format Version 12.00
# Visual Studio 2015
Project("{FAE04EC0-301F-11D3-BF4B-00C04F79EFBC}") = "Quill18_2D_Space_Shooter.CSharp", "Quill18_2D_Space_Shooter.CSharp.csproj", "{D8732BCA-13CE-3D53-ED63-20FDD07E3D0C}"
EndProject
Global
	GlobalSection(SolutionConfigurationPlatforms) = preSolution
		Debug|Any CPU = Debug|Any CPU
		Release|Any CPU = Release|Any CPU
	EndGlobalSection
	GlobalSection(ProjectConfigurationPlatforms) = postSolution
		{D8732BCA-13CE-3D53-ED63-20FDD07E3D0C}.Debug|Any CPU.ActiveCfg = Debug|Any CPU
		{D8732BCA-13CE-3D53-ED63-20FDD07E3D0C}.Debug|Any CPU.Build.0 = Debug|Any CPU
		{D8732BCA-13CE-3D53-ED63-20FDD07E3D0C}.Release|Any CPU.ActiveCfg = Release|Any CPU
		{D8732BCA-13CE-3D53-ED63-20FDD07E3D0C}.Release|Any CPU.Build.0 = Release|Any CPU
	EndGlobalSection
	GlobalSection(SolutionProperties) = preSolution
		HideSolutionNode = FALSE
	EndGlobalSection
EndGlobal
